
Microsoft Visual Studio Solution File, Format Version 12.00
# Visual Studio 2013
VisualStudioVersion = 12.0.21005.1
MinimumVisualStudioVersion = 10.0.40219.1
Project("{FAE04EC0-301F-11D3-BF4B-00C04F79EFBC}") = "KOIPMonitor", "KOIPMonitor\KOIPMonitor.csproj", "{4A2675C2-0B86-4ACF-9150-B36A9D4C1282}"
EndProject
Project("{FAE04EC0-301F-11D3-BF4B-00C04F79EFBC}") = "ServMonitor", "ServMonitor\ServMonitor.csproj", "{E6971BCF-E466-405B-8FA0-34BD1AA0457E}"
EndProject
Project("{FAE04EC0-301F-11D3-BF4B-00C04F79EFBC}") = "Kernel", "Kernel\Kernel.csproj", "{B7BD6330-9523-4BAC-BEE8-A00BEB219C6F}"
EndProject
Project("{FAE04EC0-301F-11D3-BF4B-00C04F79EFBC}") = "Commonality", "Commonality\Commonality.csproj", "{31C3ABB4-3E1B-49DC-99AE-23DDC5E30BB6}"
EndProject
Project("{FAE04EC0-301F-11D3-BF4B-00C04F79EFBC}") = "MySqlDAL", "MySqlDAL\MySqlDAL.csproj", "{A9CE7291-4AD8-40B4-A2AF-1DFAA7B4E716}"
EndProject
Project("{FAE04EC0-301F-11D3-BF4B-00C04F79EFBC}") = "MySqlHeader", "MySqlHeader\MySqlHeader.csproj", "{862AF880-A5C4-45B4-83F2-3C009299A9CD}"
EndProject
Project("{FAE04EC0-301F-11D3-BF4B-00C04F79EFBC}") = "DALPages", "DALPages\DALPages.csproj", "{CC3C6DF5-A662-4041-9C2A-0F4FCB5EDAEB}"
EndProject
Project("{6141683F-8A12-4E36-9623-2EB02B2C2303}") = "SetupKOIPM", "SetupKOIPM\SetupKOIPM.isproj", "{B1F5162E-0968-4D58-9F4C-9B6DA2954191}"
EndProject
Global
	GlobalSection(SolutionConfigurationPlatforms) = preSolution
		CD_ROM|Any CPU = CD_ROM|Any CPU
		Debug|Any CPU = Debug|Any CPU
		DVD-5|Any CPU = DVD-5|Any CPU
		Release|Any CPU = Release|Any CPU
		SingleImage|Any CPU = SingleImage|Any CPU
	EndGlobalSection
	GlobalSection(ProjectConfigurationPlatforms) = postSolution
		{4A2675C2-0B86-4ACF-9150-B36A9D4C1282}.CD_ROM|Any CPU.ActiveCfg = Release|Any CPU
		{4A2675C2-0B86-4ACF-9150-B36A9D4C1282}.CD_ROM|Any CPU.Build.0 = Release|Any CPU
		{4A2675C2-0B86-4ACF-9150-B36A9D4C1282}.Debug|Any CPU.ActiveCfg = Debug|Any CPU
		{4A2675C2-0B86-4ACF-9150-B36A9D4C1282}.Debug|Any CPU.Build.0 = Debug|Any CPU
		{4A2675C2-0B86-4ACF-9150-B36A9D4C1282}.DVD-5|Any CPU.ActiveCfg = Debug|Any CPU
		{4A2675C2-0B86-4ACF-9150-B36A9D4C1282}.DVD-5|Any CPU.Build.0 = Debug|Any CPU
		{4A2675C2-0B86-4ACF-9150-B36A9D4C1282}.Release|Any CPU.ActiveCfg = Release|Any CPU
		{4A2675C2-0B86-4ACF-9150-B36A9D4C1282}.Release|Any CPU.Build.0 = Release|Any CPU
		{4A2675C2-0B86-4ACF-9150-B36A9D4C1282}.SingleImage|Any CPU.ActiveCfg = Release|Any CPU
		{4A2675C2-0B86-4ACF-9150-B36A9D4C1282}.SingleImage|Any CPU.Build.0 = Release|Any CPU
		{E6971BCF-E466-405B-8FA0-34BD1AA0457E}.CD_ROM|Any CPU.ActiveCfg = Release|Any CPU
		{E6971BCF-E466-405B-8FA0-34BD1AA0457E}.CD_ROM|Any CPU.Build.0 = Release|Any CPU
		{E6971BCF-E466-405B-8FA0-34BD1AA0457E}.Debug|Any CPU.ActiveCfg = Debug|Any CPU
		{E6971BCF-E466-405B-8FA0-34BD1AA0457E}.Debug|Any CPU.Build.0 = Debug|Any CPU
		{E6971BCF-E466-405B-8FA0-34BD1AA0457E}.DVD-5|Any CPU.ActiveCfg = Debug|Any CPU
		{E6971BCF-E466-405B-8FA0-34BD1AA0457E}.DVD-5|Any CPU.Build.0 = Debug|Any CPU
		{E6971BCF-E466-405B-8FA0-34BD1AA0457E}.Release|Any CPU.ActiveCfg = Release|Any CPU
		{E6971BCF-E466-405B-8FA0-34BD1AA0457E}.Release|Any CPU.Build.0 = Release|Any CPU
		{E6971BCF-E466-405B-8FA0-34BD1AA0457E}.SingleImage|Any CPU.ActiveCfg = Release|Any CPU
		{E6971BCF-E466-405B-8FA0-34BD1AA0457E}.SingleImage|Any CPU.Build.0 = Release|Any CPU
		{B7BD6330-9523-4BAC-BEE8-A00BEB219C6F}.CD_ROM|Any CPU.ActiveCfg = Release|Any CPU
		{B7BD6330-9523-4BAC-BEE8-A00BEB219C6F}.CD_ROM|Any CPU.Build.0 = Release|Any CPU
		{B7BD6330-9523-4BAC-BEE8-A00BEB219C6F}.Debug|Any CPU.ActiveCfg = Debug|Any CPU
		{B7BD6330-9523-4BAC-BEE8-A00BEB219C6F}.Debug|Any CPU.Build.0 = Debug|Any CPU
		{B7BD6330-9523-4BAC-BEE8-A00BEB219C6F}.DVD-5|Any CPU.ActiveCfg = Debug|Any CPU
		{B7BD6330-9523-4BAC-BEE8-A00BEB219C6F}.DVD-5|Any CPU.Build.0 = Debug|Any CPU
		{B7BD6330-9523-4BAC-BEE8-A00BEB219C6F}.Release|Any CPU.ActiveCfg = Release|Any CPU
		{B7BD6330-9523-4BAC-BEE8-A00BEB219C6F}.Release|Any CPU.Build.0 = Release|Any CPU
		{B7BD6330-9523-4BAC-BEE8-A00BEB219C6F}.SingleImage|Any CPU.ActiveCfg = Release|Any CPU
		{B7BD6330-9523-4BAC-BEE8-A00BEB219C6F}.SingleImage|Any CPU.Build.0 = Release|Any CPU
		{31C3ABB4-3E1B-49DC-99AE-23DDC5E30BB6}.CD_ROM|Any CPU.ActiveCfg = Release|Any CPU
		{31C3ABB4-3E1B-49DC-99AE-23DDC5E30BB6}.CD_ROM|Any CPU.Build.0 = Release|Any CPU
		{31C3ABB4-3E1B-49DC-99AE-23DDC5E30BB6}.Debug|Any CPU.ActiveCfg = Debug|Any CPU
		{31C3ABB4-3E1B-49DC-99AE-23DDC5E30BB6}.Debug|Any CPU.Build.0 = Debug|Any CPU
		{31C3ABB4-3E1B-49DC-99AE-23DDC5E30BB6}.DVD-5|Any CPU.ActiveCfg = Debug|Any CPU
		{31C3ABB4-3E1B-49DC-99AE-23DDC5E30BB6}.DVD-5|Any CPU.Build.0 = Debug|Any CPU
		{31C3ABB4-3E1B-49DC-99AE-23DDC5E30BB6}.Release|Any CPU.ActiveCfg = Release|Any CPU
		{31C3ABB4-3E1B-49DC-99AE-23DDC5E30BB6}.Release|Any CPU.Build.0 = Release|Any CPU
		{31C3ABB4-3E1B-49DC-99AE-23DDC5E30BB6}.SingleImage|Any CPU.ActiveCfg = Release|Any CPU
		{31C3ABB4-3E1B-49DC-99AE-23DDC5E30BB6}.SingleImage|Any CPU.Build.0 = Release|Any CPU
		{A9CE7291-4AD8-40B4-A2AF-1DFAA7B4E716}.CD_ROM|Any CPU.ActiveCfg = Release|Any CPU
		{A9CE7291-4AD8-40B4-A2AF-1DFAA7B4E716}.CD_ROM|Any CPU.Build.0 = Release|Any CPU
		{A9CE7291-4AD8-40B4-A2AF-1DFAA7B4E716}.Debug|Any CPU.ActiveCfg = Debug|Any CPU
		{A9CE7291-4AD8-40B4-A2AF-1DFAA7B4E716}.Debug|Any CPU.Build.0 = Debug|Any CPU
		{A9CE7291-4AD8-40B4-A2AF-1DFAA7B4E716}.DVD-5|Any CPU.ActiveCfg = Debug|Any CPU
		{A9CE7291-4AD8-40B4-A2AF-1DFAA7B4E716}.DVD-5|Any CPU.Build.0 = Debug|Any CPU
		{A9CE7291-4AD8-40B4-A2AF-1DFAA7B4E716}.Release|Any CPU.ActiveCfg = Release|Any CPU
		{A9CE7291-4AD8-40B4-A2AF-1DFAA7B4E716}.Release|Any CPU.Build.0 = Release|Any CPU
		{A9CE7291-4AD8-40B4-A2AF-1DFAA7B4E716}.SingleImage|Any CPU.ActiveCfg = Release|Any CPU
		{A9CE7291-4AD8-40B4-A2AF-1DFAA7B4E716}.SingleImage|Any CPU.Build.0 = Release|Any CPU
		{862AF880-A5C4-45B4-83F2-3C009299A9CD}.CD_ROM|Any CPU.ActiveCfg = Release|Any CPU
		{862AF880-A5C4-45B4-83F2-3C009299A9CD}.CD_ROM|Any CPU.Build.0 = Release|Any CPU
		{862AF880-A5C4-45B4-83F2-3C009299A9CD}.Debug|Any CPU.ActiveCfg = Debug|Any CPU
		{862AF880-A5C4-45B4-83F2-3C009299A9CD}.Debug|Any CPU.Build.0 = Debug|Any CPU
		{862AF880-A5C4-45B4-83F2-3C009299A9CD}.DVD-5|Any CPU.ActiveCfg = Debug|Any CPU
		{862AF880-A5C4-45B4-83F2-3C009299A9CD}.DVD-5|Any CPU.Build.0 = Debug|Any CPU
		{862AF880-A5C4-45B4-83F2-3C009299A9CD}.Release|Any CPU.ActiveCfg = Release|Any CPU
		{862AF880-A5C4-45B4-83F2-3C009299A9CD}.Release|Any CPU.Build.0 = Release|Any CPU
		{862AF880-A5C4-45B4-83F2-3C009299A9CD}.SingleImage|Any CPU.ActiveCfg = Release|Any CPU
		{862AF880-A5C4-45B4-83F2-3C009299A9CD}.SingleImage|Any CPU.Build.0 = Release|Any CPU
		{CC3C6DF5-A662-4041-9C2A-0F4FCB5EDAEB}.CD_ROM|Any CPU.ActiveCfg = Release|Any CPU
		{CC3C6DF5-A662-4041-9C2A-0F4FCB5EDAEB}.CD_ROM|Any CPU.Build.0 = Release|Any CPU
		{CC3C6DF5-A662-4041-9C2A-0F4FCB5EDAEB}.Debug|Any CPU.ActiveCfg = Debug|Any CPU
		{CC3C6DF5-A662-4041-9C2A-0F4FCB5EDAEB}.Debug|Any CPU.Build.0 = Debug|Any CPU
		{CC3C6DF5-A662-4041-9C2A-0F4FCB5EDAEB}.DVD-5|Any CPU.ActiveCfg = Debug|Any CPU
		{CC3C6DF5-A662-4041-9C2A-0F4FCB5EDAEB}.DVD-5|Any CPU.Build.0 = Debug|Any CPU
		{CC3C6DF5-A662-4041-9C2A-0F4FCB5EDAEB}.Release|Any CPU.ActiveCfg = Release|Any CPU
		{CC3C6DF5-A662-4041-9C2A-0F4FCB5EDAEB}.Release|Any CPU.Build.0 = Release|Any CPU
		{CC3C6DF5-A662-4041-9C2A-0F4FCB5EDAEB}.SingleImage|Any CPU.ActiveCfg = Release|Any CPU
		{CC3C6DF5-A662-4041-9C2A-0F4FCB5EDAEB}.SingleImage|Any CPU.Build.0 = Release|Any CPU
		{B1F5162E-0968-4D58-9F4C-9B6DA2954191}.CD_ROM|Any CPU.ActiveCfg = CD_ROM
		{B1F5162E-0968-4D58-9F4C-9B6DA2954191}.CD_ROM|Any CPU.Build.0 = CD_ROM
		{B1F5162E-0968-4D58-9F4C-9B6DA2954191}.Debug|Any CPU.ActiveCfg = DVD-5
		{B1F5162E-0968-4D58-9F4C-9B6DA2954191}.Debug|Any CPU.Build.0 = DVD-5
		{B1F5162E-0968-4D58-9F4C-9B6DA2954191}.DVD-5|Any CPU.ActiveCfg = DVD-5
		{B1F5162E-0968-4D58-9F4C-9B6DA2954191}.DVD-5|Any CPU.Build.0 = DVD-5
		{B1F5162E-0968-4D58-9F4C-9B6DA2954191}.Release|Any CPU.ActiveCfg = SingleImage
		{B1F5162E-0968-4D58-9F4C-9B6DA2954191}.Release|Any CPU.Build.0 = SingleImage
		{B1F5162E-0968-4D58-9F4C-9B6DA2954191}.SingleImage|Any CPU.ActiveCfg = SingleImage
		{B1F5162E-0968-4D58-9F4C-9B6DA2954191}.SingleImage|Any CPU.Build.0 = SingleImage
	EndGlobalSection
	GlobalSection(SolutionProperties) = preSolution
		HideSolutionNode = FALSE
	EndGlobalSection
EndGlobal
